
Microsoft Visual Studio Solution File, Format Version 12.00
# Visual Studio Version 17
VisualStudioVersion = 17.1.32414.318
MinimumVisualStudioVersion = 10.0.40219.1
Project("{2150E333-8FDC-42A3-9474-1A3956D46DE8}") = "01.Core", "01.Core", "{B108AA44-036F-48C6-8D87-555982AF11E7}"
EndProject
Project("{FAE04EC0-301F-11D3-BF4B-00C04F79EFBC}") = "Application", "Application\Application.csproj", "{4F1A7F2B-5E27-4697-B156-5E5E6874C13A}"
EndProject
Project("{FAE04EC0-301F-11D3-BF4B-00C04F79EFBC}") = "Domain", "Domain\Domain.csproj", "{3DF51346-27B8-4AD0-8ED2-63A7E5C5082D}"
EndProject
Project("{2150E333-8FDC-42A3-9474-1A3956D46DE8}") = "02.API", "02.API", "{CE72507D-70DB-4017-A10F-F1FD57D83D86}"
EndProject
Project("{FAE04EC0-301F-11D3-BF4B-00C04F79EFBC}") = "Softtek-API", "Softtek-API\Softtek-API.csproj", "{A72007DA-66F0-4267-9233-C0EAE1E96B5F}"
EndProject
Project("{2150E333-8FDC-42A3-9474-1A3956D46DE8}") = "03.Common", "03.Common", "{55CABA25-756B-4BEE-8C43-A02CC354BD38}"
EndProject
Project("{FAE04EC0-301F-11D3-BF4B-00C04F79EFBC}") = "DTO", "DTO\DTO.csproj", "{4846935E-35A6-45EA-89BC-191D6551EBD3}"
EndProject
Project("{FAE04EC0-301F-11D3-BF4B-00C04F79EFBC}") = "Helpers", "Pagination\Helpers.csproj", "{9AB6A012-7573-4AAA-B815-C64339A7C45A}"
EndProject
Project("{2150E333-8FDC-42A3-9474-1A3956D46DE8}") = "04.Data", "04.Data", "{856F05E1-1D99-4EA5-B1F2-8B99947EA184}"
EndProject
Project("{FAE04EC0-301F-11D3-BF4B-00C04F79EFBC}") = "Data", "Data\Data.csproj", "{37BF79BB-98C2-44E1-8F97-CDC1EFB375EB}"
EndProject
Global
	GlobalSection(SolutionConfigurationPlatforms) = preSolution
		Debug|Any CPU = Debug|Any CPU
		Release|Any CPU = Release|Any CPU
	EndGlobalSection
	GlobalSection(ProjectConfigurationPlatforms) = postSolution
		{4F1A7F2B-5E27-4697-B156-5E5E6874C13A}.Debug|Any CPU.ActiveCfg = Debug|Any CPU
		{4F1A7F2B-5E27-4697-B156-5E5E6874C13A}.Debug|Any CPU.Build.0 = Debug|Any CPU
		{4F1A7F2B-5E27-4697-B156-5E5E6874C13A}.Release|Any CPU.ActiveCfg = Release|Any CPU
		{4F1A7F2B-5E27-4697-B156-5E5E6874C13A}.Release|Any CPU.Build.0 = Release|Any CPU
		{3DF51346-27B8-4AD0-8ED2-63A7E5C5082D}.Debug|Any CPU.ActiveCfg = Debug|Any CPU
		{3DF51346-27B8-4AD0-8ED2-63A7E5C5082D}.Debug|Any CPU.Build.0 = Debug|Any CPU
		{3DF51346-27B8-4AD0-8ED2-63A7E5C5082D}.Release|Any CPU.ActiveCfg = Release|Any CPU
		{3DF51346-27B8-4AD0-8ED2-63A7E5C5082D}.Release|Any CPU.Build.0 = Release|Any CPU
		{A72007DA-66F0-4267-9233-C0EAE1E96B5F}.Debug|Any CPU.ActiveCfg = Debug|Any CPU
		{A72007DA-66F0-4267-9233-C0EAE1E96B5F}.Debug|Any CPU.Build.0 = Debug|Any CPU
		{A72007DA-66F0-4267-9233-C0EAE1E96B5F}.Release|Any CPU.ActiveCfg = Release|Any CPU
		{A72007DA-66F0-4267-9233-C0EAE1E96B5F}.Release|Any CPU.Build.0 = Release|Any CPU
		{4846935E-35A6-45EA-89BC-191D6551EBD3}.Debug|Any CPU.ActiveCfg = Debug|Any CPU
		{4846935E-35A6-45EA-89BC-191D6551EBD3}.Debug|Any CPU.Build.0 = Debug|Any CPU
		{4846935E-35A6-45EA-89BC-191D6551EBD3}.Release|Any CPU.ActiveCfg = Release|Any CPU
		{4846935E-35A6-45EA-89BC-191D6551EBD3}.Release|Any CPU.Build.0 = Release|Any CPU
		{9AB6A012-7573-4AAA-B815-C64339A7C45A}.Debug|Any CPU.ActiveCfg = Debug|Any CPU
		{9AB6A012-7573-4AAA-B815-C64339A7C45A}.Debug|Any CPU.Build.0 = Debug|Any CPU
		{9AB6A012-7573-4AAA-B815-C64339A7C45A}.Release|Any CPU.ActiveCfg = Release|Any CPU
		{9AB6A012-7573-4AAA-B815-C64339A7C45A}.Release|Any CPU.Build.0 = Release|Any CPU
		{37BF79BB-98C2-44E1-8F97-CDC1EFB375EB}.Debug|Any CPU.ActiveCfg = Debug|Any CPU
		{37BF79BB-98C2-44E1-8F97-CDC1EFB375EB}.Debug|Any CPU.Build.0 = Debug|Any CPU
		{37BF79BB-98C2-44E1-8F97-CDC1EFB375EB}.Release|Any CPU.ActiveCfg = Release|Any CPU
		{37BF79BB-98C2-44E1-8F97-CDC1EFB375EB}.Release|Any CPU.Build.0 = Release|Any CPU
	EndGlobalSection
	GlobalSection(SolutionProperties) = preSolution
		HideSolutionNode = FALSE
	EndGlobalSection
	GlobalSection(NestedProjects) = preSolution
		{4F1A7F2B-5E27-4697-B156-5E5E6874C13A} = {B108AA44-036F-48C6-8D87-555982AF11E7}
		{3DF51346-27B8-4AD0-8ED2-63A7E5C5082D} = {B108AA44-036F-48C6-8D87-555982AF11E7}
		{A72007DA-66F0-4267-9233-C0EAE1E96B5F} = {CE72507D-70DB-4017-A10F-F1FD57D83D86}
		{4846935E-35A6-45EA-89BC-191D6551EBD3} = {55CABA25-756B-4BEE-8C43-A02CC354BD38}
		{9AB6A012-7573-4AAA-B815-C64339A7C45A} = {55CABA25-756B-4BEE-8C43-A02CC354BD38}
		{37BF79BB-98C2-44E1-8F97-CDC1EFB375EB} = {856F05E1-1D99-4EA5-B1F2-8B99947EA184}
	EndGlobalSection
	GlobalSection(ExtensibilityGlobals) = postSolution
		SolutionGuid = {D21F3DA2-1BC5-4FFD-8DDD-D4F3B92E9760}
	EndGlobalSection
EndGlobal
